<?xml version="1.0" encoding="utf-8"?>
<Project ToolsVersion="4.0" xmlns="http://schemas.microsoft.com/developer/msbuild/2003">
  <ItemGroup>
    <CudaCompile Include="Tests\HashMapTests.cu" />
    <CudaCompile Include="Tests\PrevalenceIndexCalculationTests.cu" />
    <CudaCompile Include="Tests\PlaneSweepFoxtrotTests.cu" />
    <CudaCompile Include="Tests\CommonOperationsTests.cu" />
  </ItemGroup>
  <ItemGroup>
    <ClCompile Include="DataProviderTests.cpp" />
    <ClCompile Include="main.cpp" />
    <ClCompile Include="Tests\BasicRequirementsTests.cpp" />
    <ClCompile Include="Tests\MaximalColocationsCandidatesProviderTests.cpp" />
  </ItemGroup>
  <ItemGroup>
    <ClInclude Include="BaseCudaTestHandler.h" />
    <ClInclude Include="catch.hpp" />
  </ItemGroup>
</Project>