<?xml version="1.0" encoding="utf-8"?>
<Project ToolsVersion="4.0" xmlns="http://schemas.microsoft.com/developer/msbuild/2003">
  <ItemGroup>
    <CudaCompile Include="SimpleOperations.cu" />
  </ItemGroup>
  <ItemGroup>
    <ClInclude Include="SimpleOperations.h" />
    <ClInclude Include="PairColocationsFiltering\CudaPairColocationFilter.h" />
  </ItemGroup>
  <ItemGroup>
    <ClCompile Include="PairColocationsFiltering\CudaPairColocationFilter.cpp" />
  </ItemGroup>
</Project>