<?xml version="1.0" encoding="utf-8"?>
<Project ToolsVersion="4.0" xmlns="http://schemas.microsoft.com/developer/msbuild/2003">
  <ItemGroup>
    <CudaCompile Include="Common\CommonOperations.cu" />
    <CudaCompile Include="HashMap\gpuutils.cu" />
    <CudaCompile Include="PlaneSweep\InstanceTablePlaneSweep.cu" />
    <CudaCompile Include="PlaneSweep\PlaneSweepFoxtrot.cu" />
    <CudaCompile Include="Prevalence\UniquePairPrevalence.cu" />
  </ItemGroup>
  <ItemGroup>
    <ClCompile Include="PairColocationsFiltering\CudaPairColocationFilter.cpp" />
  </ItemGroup>
  <ItemGroup>
    <ClInclude Include="Common\CommonOperations.h" />
    <ClInclude Include="Entities\FeatureInstance.h" />
    <ClInclude Include="Entities\InstanceTable.h" />
    <ClInclude Include="Entities\NeighboursListInfoHolder.h" />
    <ClInclude Include="HashMap\gpuhashmapper.h" />
    <ClInclude Include="PlaneSweep\InstanceTablePlaneSweep.h" />
    <ClInclude Include="PlaneSweep\PlaneSweepFoxtrot.h" />
    <ClInclude Include="HashMap\gpuutils.h" />
    <ClInclude Include="Common\MiningCommon.h" />
    <ClInclude Include="PairColocationsFiltering\CudaPairColocationFilter.h" />
    <ClInclude Include="Entities\TypeCount.h" />
    <ClInclude Include="PlaneSweep\PlaneSweepTableInstanceResult.h" />
    <ClInclude Include="Entities\FeatureTypePair.h" />
    <ClInclude Include="Prevalence\UniquePairPrevalence.h" />
  </ItemGroup>
</Project>