<?xml version="1.0" encoding="utf-8"?>
<Project ToolsVersion="4.0" xmlns="http://schemas.microsoft.com/developer/msbuild/2003">
  <ItemGroup>
    <Filter Include="CPUMiningAlgorithms">
      <UniqueIdentifier>{734ce3c7-409f-4cb9-bf41-29a6aa2e806a}</UniqueIdentifier>
    </Filter>
  </ItemGroup>
  <ItemGroup>
    <ClCompile Include="CPUMiningAlgorithms\CPUMiningAlgorithmSeq.cpp">
      <Filter>CPUMiningAlgorithms</Filter>
    </ClCompile>
    <ClCompile Include="CPUMiningAlgorithms\CPUMiningAlgorithmParallel.cpp">
      <Filter>CPUMiningAlgorithms</Filter>
    </ClCompile>
    <ClCompile Include="CPUMiningAlgorithms\CPUMiningAlgorithmSeqV2.cpp">
      <Filter>CPUMiningAlgorithms</Filter>
    </ClCompile>
    <ClCompile Include="CPUMiningAlgorithms\CPUMiningAlgorithmBase.cpp">
      <Filter>CPUMiningAlgorithms</Filter>
    </ClCompile>
  </ItemGroup>
  <ItemGroup>
    <ClInclude Include="CPUMiningAlgorithms\CPUMiningAlgorithmSeq.h">
      <Filter>CPUMiningAlgorithms</Filter>
    </ClInclude>
    <ClInclude Include="CPUMiningAlgorithms\CPUMiningAlgorithmParallel.h">
      <Filter>CPUMiningAlgorithms</Filter>
    </ClInclude>
    <ClInclude Include="CPUMiningAlgorithms\CPUMiningAlgorithmSeqV2.h">
      <Filter>CPUMiningAlgorithms</Filter>
    </ClInclude>
    <ClInclude Include="CPUMiningAlgorithms\CPUMiningAlgorithmBase.h">
      <Filter>CPUMiningAlgorithms</Filter>
    </ClInclude>
  </ItemGroup>
</Project>