
Microsoft Visual Studio Solution File, Format Version 12.00
# Visual Studio 14
VisualStudioVersion = 14.0.25420.1
MinimumVisualStudioVersion = 10.0.40219.1
Project("{8BC9CEB8-8B4A-11D0-8D11-00A0C91BC942}") = "GPUPatternMining", "GPUPatternMining\GPUPatternMining.vcxproj", "{AE2FA75A-5535-460C-8632-6FB973B87817}"
	ProjectSection(ProjectDependencies) = postProject
		{9875BACF-2709-46A9-ABD3-2CFA01256025} = {9875BACF-2709-46A9-ABD3-2CFA01256025}
	EndProjectSection
EndProject
Project("{8BC9CEB8-8B4A-11D0-8D11-00A0C91BC942}") = "GPUPatternMining.App", "GPUPatternMining.App\GPUPatternMining.App.vcxproj", "{B4467647-3BCD-4B7B-8D07-B29E012B70E1}"
EndProject
Project("{8BC9CEB8-8B4A-11D0-8D11-00A0C91BC942}") = "GPUPatternMining.Contract", "GPUPatternMining.Contract\GPUPatternMining.Contract.vcxproj", "{9875BACF-2709-46A9-ABD3-2CFA01256025}"
EndProject
Project("{8BC9CEB8-8B4A-11D0-8D11-00A0C91BC942}") = "GPUPatternMining.Tests", "GPUPatternMining.Tests\GPUPatternMining.Tests.vcxproj", "{F26CB272-6EE9-4B78-8160-3C5B699A7E94}"
EndProject
Project("{8BC9CEB8-8B4A-11D0-8D11-00A0C91BC942}") = "GPUPatternMining.CPU", "GPUPatternMining.CPU\GPUPatternMining.CPU.vcxproj", "{EA84C75C-7787-4859-A95C-31F04015DF38}"
EndProject
Project("{8BC9CEB8-8B4A-11D0-8D11-00A0C91BC942}") = "GPUPatternMining.CPU.Tests", "GPUPatternMining.CPU.Tests\GPUPatternMining.CPU.Tests.vcxproj", "{1308D6C1-3821-4340-B1F1-C1A799311E4F}"
EndProject
Project("{8BC9CEB8-8B4A-11D0-8D11-00A0C91BC942}") = "GPUPatternMining.CPU.App", "GPUPatternMining.CPU.App\GPUPatternMining.CPU.App.vcxproj", "{A6793595-0476-4D9A-B975-5DDD00256DB2}"
EndProject
Global
	GlobalSection(SolutionConfigurationPlatforms) = preSolution
		Debug|x64 = Debug|x64
		Debug|x86 = Debug|x86
		Release|x64 = Release|x64
		Release|x86 = Release|x86
	EndGlobalSection
	GlobalSection(ProjectConfigurationPlatforms) = postSolution
		{AE2FA75A-5535-460C-8632-6FB973B87817}.Debug|x64.ActiveCfg = Debug|x64
		{AE2FA75A-5535-460C-8632-6FB973B87817}.Debug|x64.Build.0 = Debug|x64
		{AE2FA75A-5535-460C-8632-6FB973B87817}.Debug|x86.ActiveCfg = Debug|Win32
		{AE2FA75A-5535-460C-8632-6FB973B87817}.Debug|x86.Build.0 = Debug|Win32
		{AE2FA75A-5535-460C-8632-6FB973B87817}.Release|x64.ActiveCfg = Release|x64
		{AE2FA75A-5535-460C-8632-6FB973B87817}.Release|x64.Build.0 = Release|x64
		{AE2FA75A-5535-460C-8632-6FB973B87817}.Release|x86.ActiveCfg = Release|Win32
		{AE2FA75A-5535-460C-8632-6FB973B87817}.Release|x86.Build.0 = Release|Win32
		{B4467647-3BCD-4B7B-8D07-B29E012B70E1}.Debug|x64.ActiveCfg = Debug|x64
		{B4467647-3BCD-4B7B-8D07-B29E012B70E1}.Debug|x64.Build.0 = Debug|x64
		{B4467647-3BCD-4B7B-8D07-B29E012B70E1}.Debug|x86.ActiveCfg = Debug|Win32
		{B4467647-3BCD-4B7B-8D07-B29E012B70E1}.Debug|x86.Build.0 = Debug|Win32
		{B4467647-3BCD-4B7B-8D07-B29E012B70E1}.Release|x64.ActiveCfg = Release|x64
		{B4467647-3BCD-4B7B-8D07-B29E012B70E1}.Release|x64.Build.0 = Release|x64
		{B4467647-3BCD-4B7B-8D07-B29E012B70E1}.Release|x86.ActiveCfg = Release|Win32
		{B4467647-3BCD-4B7B-8D07-B29E012B70E1}.Release|x86.Build.0 = Release|Win32
		{9875BACF-2709-46A9-ABD3-2CFA01256025}.Debug|x64.ActiveCfg = Debug|x64
		{9875BACF-2709-46A9-ABD3-2CFA01256025}.Debug|x64.Build.0 = Debug|x64
		{9875BACF-2709-46A9-ABD3-2CFA01256025}.Debug|x86.ActiveCfg = Debug|Win32
		{9875BACF-2709-46A9-ABD3-2CFA01256025}.Debug|x86.Build.0 = Debug|Win32
		{9875BACF-2709-46A9-ABD3-2CFA01256025}.Release|x64.ActiveCfg = Release|x64
		{9875BACF-2709-46A9-ABD3-2CFA01256025}.Release|x64.Build.0 = Release|x64
		{9875BACF-2709-46A9-ABD3-2CFA01256025}.Release|x86.ActiveCfg = Release|Win32
		{9875BACF-2709-46A9-ABD3-2CFA01256025}.Release|x86.Build.0 = Release|Win32
		{F26CB272-6EE9-4B78-8160-3C5B699A7E94}.Debug|x64.ActiveCfg = Debug|x64
		{F26CB272-6EE9-4B78-8160-3C5B699A7E94}.Debug|x64.Build.0 = Debug|x64
		{F26CB272-6EE9-4B78-8160-3C5B699A7E94}.Debug|x86.ActiveCfg = Debug|Win32
		{F26CB272-6EE9-4B78-8160-3C5B699A7E94}.Debug|x86.Build.0 = Debug|Win32
		{F26CB272-6EE9-4B78-8160-3C5B699A7E94}.Release|x64.ActiveCfg = Release|x64
		{F26CB272-6EE9-4B78-8160-3C5B699A7E94}.Release|x64.Build.0 = Release|x64
		{F26CB272-6EE9-4B78-8160-3C5B699A7E94}.Release|x86.ActiveCfg = Release|Win32
		{F26CB272-6EE9-4B78-8160-3C5B699A7E94}.Release|x86.Build.0 = Release|Win32
		{EA84C75C-7787-4859-A95C-31F04015DF38}.Debug|x64.ActiveCfg = Debug|x64
		{EA84C75C-7787-4859-A95C-31F04015DF38}.Debug|x64.Build.0 = Debug|x64
		{EA84C75C-7787-4859-A95C-31F04015DF38}.Debug|x86.ActiveCfg = Debug|Win32
		{EA84C75C-7787-4859-A95C-31F04015DF38}.Debug|x86.Build.0 = Debug|Win32
		{EA84C75C-7787-4859-A95C-31F04015DF38}.Release|x64.ActiveCfg = Release|x64
		{EA84C75C-7787-4859-A95C-31F04015DF38}.Release|x64.Build.0 = Release|x64
		{EA84C75C-7787-4859-A95C-31F04015DF38}.Release|x86.ActiveCfg = Release|Win32
		{EA84C75C-7787-4859-A95C-31F04015DF38}.Release|x86.Build.0 = Release|Win32
		{1308D6C1-3821-4340-B1F1-C1A799311E4F}.Debug|x64.ActiveCfg = Debug|x64
		{1308D6C1-3821-4340-B1F1-C1A799311E4F}.Debug|x64.Build.0 = Debug|x64
		{1308D6C1-3821-4340-B1F1-C1A799311E4F}.Debug|x86.ActiveCfg = Debug|Win32
		{1308D6C1-3821-4340-B1F1-C1A799311E4F}.Debug|x86.Build.0 = Debug|Win32
		{1308D6C1-3821-4340-B1F1-C1A799311E4F}.Release|x64.ActiveCfg = Release|x64
		{1308D6C1-3821-4340-B1F1-C1A799311E4F}.Release|x64.Build.0 = Release|x64
		{1308D6C1-3821-4340-B1F1-C1A799311E4F}.Release|x86.ActiveCfg = Release|Win32
		{1308D6C1-3821-4340-B1F1-C1A799311E4F}.Release|x86.Build.0 = Release|Win32
		{A6793595-0476-4D9A-B975-5DDD00256DB2}.Debug|x64.ActiveCfg = Debug|x64
		{A6793595-0476-4D9A-B975-5DDD00256DB2}.Debug|x64.Build.0 = Debug|x64
		{A6793595-0476-4D9A-B975-5DDD00256DB2}.Debug|x86.ActiveCfg = Debug|Win32
		{A6793595-0476-4D9A-B975-5DDD00256DB2}.Debug|x86.Build.0 = Debug|Win32
		{A6793595-0476-4D9A-B975-5DDD00256DB2}.Release|x64.ActiveCfg = Release|x64
		{A6793595-0476-4D9A-B975-5DDD00256DB2}.Release|x64.Build.0 = Release|x64
		{A6793595-0476-4D9A-B975-5DDD00256DB2}.Release|x86.ActiveCfg = Release|Win32
		{A6793595-0476-4D9A-B975-5DDD00256DB2}.Release|x86.Build.0 = Release|Win32
	EndGlobalSection
	GlobalSection(SolutionProperties) = preSolution
		HideSolutionNode = FALSE
	EndGlobalSection
EndGlobal
